// !$*UTF8*$!
{
	archiveVersion = 1;
	classes = {
	};
	objectVersion = 46;
	objects = {

/* Begin PBXBuildFile section */
		34BA123A719E96E71120AE69 /* Pods_Instalook_UserTests.framework in Frameworks */ = {isa = PBXBuildFile; fileRef = 178033869AA0CDF318088F0A /* Pods_Instalook_UserTests.framework */; };
		4E47E44E06F1994682019492 /* Pods_Instalook_User.framework in Frameworks */ = {isa = PBXBuildFile; fileRef = 6B5181B6A9D998E00477A258 /* Pods_Instalook_User.framework */; };
		CC1CA09122A027C40041FD0F /* Points.swift in Sources */ = {isa = PBXBuildFile; fileRef = CC1CA09022A027C40041FD0F /* Points.swift */; };
		CC1DB5A02296DD9C003A08F6 /* Salon.swift in Sources */ = {isa = PBXBuildFile; fileRef = CC1DB59F2296DD9C003A08F6 /* Salon.swift */; };
		CC1DB5A22296DE51003A08F6 /* SearchSalonsTableViewController.swift in Sources */ = {isa = PBXBuildFile; fileRef = CC1DB5A12296DE51003A08F6 /* SearchSalonsTableViewController.swift */; };
		CC4E9B27229AD94C004AB0B4 /* UserProfileScenario.storyboard in Resources */ = {isa = PBXBuildFile; fileRef = CC4E9B25229AD94C004AB0B4 /* UserProfileScenario.storyboard */; };
		CC4E9B2D229ADB2E004AB0B4 /* ProfileViewController.swift in Sources */ = {isa = PBXBuildFile; fileRef = CC4E9B2A229ADB2E004AB0B4 /* ProfileViewController.swift */; };
		CC4E9B2F229ADC91004AB0B4 /* EditingProfileViewController.swift in Sources */ = {isa = PBXBuildFile; fileRef = CC4E9B2E229ADC91004AB0B4 /* EditingProfileViewController.swift */; };
		CC549F0522A1791900B7DD57 /* ReservationPresenter.swift in Sources */ = {isa = PBXBuildFile; fileRef = CC549F0422A1791900B7DD57 /* ReservationPresenter.swift */; };
		CC566440229E9DC800678EC4 /* ReservationsTVController.swift in Sources */ = {isa = PBXBuildFile; fileRef = CC56643F229E9DC800678EC4 /* ReservationsTVController.swift */; };
		CC566442229E9E0B00678EC4 /* ReservationCell.swift in Sources */ = {isa = PBXBuildFile; fileRef = CC566441229E9E0B00678EC4 /* ReservationCell.swift */; };
		CC566446229EDFAD00678EC4 /* PointsTVController.swift in Sources */ = {isa = PBXBuildFile; fileRef = CC566445229EDFAD00678EC4 /* PointsTVController.swift */; };
		CC566448229EE16E00678EC4 /* PointsCell.swift in Sources */ = {isa = PBXBuildFile; fileRef = CC566447229EE16D00678EC4 /* PointsCell.swift */; };
		CC56644A229EE7A400678EC4 /* FollowedSalonsTV.swift in Sources */ = {isa = PBXBuildFile; fileRef = CC566449229EE7A400678EC4 /* FollowedSalonsTV.swift */; };
		CC56644C229EE89000678EC4 /* FollowedSalonCell.swift in Sources */ = {isa = PBXBuildFile; fileRef = CC56644B229EE89000678EC4 /* FollowedSalonCell.swift */; };
		CC56644E229F46F000678EC4 /* SavedPostsTVController.swift in Sources */ = {isa = PBXBuildFile; fileRef = CC56644D229F46F000678EC4 /* SavedPostsTVController.swift */; };
		CC566450229F48B600678EC4 /* PostCellWithImage.swift in Sources */ = {isa = PBXBuildFile; fileRef = CC56644F229F48B600678EC4 /* PostCellWithImage.swift */; };
		CC566452229F48E200678EC4 /* PostCellWithoutImage.swift in Sources */ = {isa = PBXBuildFile; fileRef = CC566451229F48E200678EC4 /* PostCellWithoutImage.swift */; };
		CC56ADDA22BBAAED00A3924A /* ProfileView.swift in Sources */ = {isa = PBXBuildFile; fileRef = CC56ADD922BBAAED00A3924A /* ProfileView.swift */; };
		CC6152D9229B2E5A00A230A1 /* Utils.swift in Sources */ = {isa = PBXBuildFile; fileRef = CC6152D8229B2E5A00A230A1 /* Utils.swift */; };
		CC6588D722B520C800DCDBC9 /* Booking.swift in Sources */ = {isa = PBXBuildFile; fileRef = CC6588D622B520C800DCDBC9 /* Booking.swift */; };
		CC7B009222B3EB6300EDA3E9 /* LoginViewController+TextFieldDelegate.swift in Sources */ = {isa = PBXBuildFile; fileRef = CC7B009122B3EB6300EDA3E9 /* LoginViewController+TextFieldDelegate.swift */; };
		CC7B009422B3EDA200EDA3E9 /* LoginViewController+TextField.swift in Sources */ = {isa = PBXBuildFile; fileRef = CC7B009322B3EDA200EDA3E9 /* LoginViewController+TextField.swift */; };
		CC7B009622B3F05A00EDA3E9 /* RegistrationViewController+TextFieldDelegate.swift in Sources */ = {isa = PBXBuildFile; fileRef = CC7B009522B3F05A00EDA3E9 /* RegistrationViewController+TextFieldDelegate.swift */; };
		CC7E8ED222A361EE00D6101A /* LoginViewController+PresenterDelegate.swift in Sources */ = {isa = PBXBuildFile; fileRef = CC7E8ED122A361EE00D6101A /* LoginViewController+PresenterDelegate.swift */; };
		CC7E8ED422A375B700D6101A /* RegistrationViewController+PresenterDelegate.swift in Sources */ = {isa = PBXBuildFile; fileRef = CC7E8ED322A375B700D6101A /* RegistrationViewController+PresenterDelegate.swift */; };
		CC83D47D2296D9A10035471C /* AppDelegate.swift in Sources */ = {isa = PBXBuildFile; fileRef = CC83D47C2296D9A10035471C /* AppDelegate.swift */; };
		CC83D4822296D9A10035471C /* Main.storyboard in Resources */ = {isa = PBXBuildFile; fileRef = CC83D4802296D9A10035471C /* Main.storyboard */; };
		CC83D4852296D9A10035471C /* Instalook_User.xcdatamodeld in Sources */ = {isa = PBXBuildFile; fileRef = CC83D4832296D9A10035471C /* Instalook_User.xcdatamodeld */; };
		CC83D4872296D9A10035471C /* Assets.xcassets in Resources */ = {isa = PBXBuildFile; fileRef = CC83D4862296D9A10035471C /* Assets.xcassets */; };
		CC83D48A2296D9A10035471C /* LaunchScreen.storyboard in Resources */ = {isa = PBXBuildFile; fileRef = CC83D4882296D9A10035471C /* LaunchScreen.storyboard */; };
		CC83D4952296D9A10035471C /* Instalook_UserTests.swift in Sources */ = {isa = PBXBuildFile; fileRef = CC83D4942296D9A10035471C /* Instalook_UserTests.swift */; };
		CC83D4A02296D9A10035471C /* Instalook_UserUITests.swift in Sources */ = {isa = PBXBuildFile; fileRef = CC83D49F2296D9A10035471C /* Instalook_UserUITests.swift */; };
		CCA9042522BE1BC5008908AB /* SearchInteractor.swift in Sources */ = {isa = PBXBuildFile; fileRef = CCA9042422BE1BC5008908AB /* SearchInteractor.swift */; };
		CCA9042722BE1C8E008908AB /* NetworkConnectivity.swift in Sources */ = {isa = PBXBuildFile; fileRef = CCA9042622BE1C8E008908AB /* NetworkConnectivity.swift */; };
		CCA9042922BE2245008908AB /* Images.swift in Sources */ = {isa = PBXBuildFile; fileRef = CCA9042822BE2245008908AB /* Images.swift */; };
		CCA9042B22BE2269008908AB /* Post.swift in Sources */ = {isa = PBXBuildFile; fileRef = CCA9042A22BE2269008908AB /* Post.swift */; };
		CCC97DB022A1CB9B006FA981 /* ReservationInteractor.swift in Sources */ = {isa = PBXBuildFile; fileRef = CCC97DAF22A1CB9B006FA981 /* ReservationInteractor.swift */; };
		CCC97DB222A1CBC8006FA981 /* ReservationView.swift in Sources */ = {isa = PBXBuildFile; fileRef = CCC97DB122A1CBC8006FA981 /* ReservationView.swift */; };
		CCC97DB422A1CC97006FA981 /* Reservation.swift in Sources */ = {isa = PBXBuildFile; fileRef = CCC97DB322A1CC97006FA981 /* Reservation.swift */; };
		CCCF48DD22A0951F0037934D /* NetworkingConstants.swift in Sources */ = {isa = PBXBuildFile; fileRef = CCCF48DC22A0951F0037934D /* NetworkingConstants.swift */; };
		CCCF48DF22A095490037934D /* InstalookRouter.swift in Sources */ = {isa = PBXBuildFile; fileRef = CCCF48DE22A095490037934D /* InstalookRouter.swift */; };
		CCCF48E122A0968B0037934D /* Authentication.storyboard in Resources */ = {isa = PBXBuildFile; fileRef = CCCF48E022A0968B0037934D /* Authentication.storyboard */; };
		CCCF48E322A096E30037934D /* User.swift in Sources */ = {isa = PBXBuildFile; fileRef = CCCF48E222A096E30037934D /* User.swift */; };
		CCCF48E822A097F80037934D /* LoginViewController.swift in Sources */ = {isa = PBXBuildFile; fileRef = CCCF48E722A097F80037934D /* LoginViewController.swift */; };
		CCCF48EA22A098090037934D /* RegistationViewController.swift in Sources */ = {isa = PBXBuildFile; fileRef = CCCF48E922A098090037934D /* RegistationViewController.swift */; };
		CCCF48EC22A0981D0037934D /* LoginView.swift in Sources */ = {isa = PBXBuildFile; fileRef = CCCF48EB22A0981D0037934D /* LoginView.swift */; };
		CCCF48EE22A0982A0037934D /* LoginPresenter.swift in Sources */ = {isa = PBXBuildFile; fileRef = CCCF48ED22A0982A0037934D /* LoginPresenter.swift */; };
		CCCF48F022A098380037934D /* RegistrationView.swift in Sources */ = {isa = PBXBuildFile; fileRef = CCCF48EF22A098380037934D /* RegistrationView.swift */; };
		CCCF48F222A098470037934D /* RegistrationPresenter.swift in Sources */ = {isa = PBXBuildFile; fileRef = CCCF48F122A098470037934D /* RegistrationPresenter.swift */; };
		CCCF48F422A098530037934D /* UserInteractor.swift in Sources */ = {isa = PBXBuildFile; fileRef = CCCF48F322A098530037934D /* UserInteractor.swift */; };
		CCCF48F822A09A2C0037934D /* SalonTableViewCell.swift in Sources */ = {isa = PBXBuildFile; fileRef = CCCF48F722A09A2C0037934D /* SalonTableViewCell.swift */; };
		CCCF48FA22A09A560037934D /* SearchPreseneter.swift in Sources */ = {isa = PBXBuildFile; fileRef = CCCF48F922A09A560037934D /* SearchPreseneter.swift */; };
		CCCF48FC22A09A980037934D /* SearchView.swift in Sources */ = {isa = PBXBuildFile; fileRef = CCCF48FB22A09A980037934D /* SearchView.swift */; };
		CCCF48FE22A09AAC0037934D /* SearchCellView.swift in Sources */ = {isa = PBXBuildFile; fileRef = CCCF48FD22A09AAC0037934D /* SearchCellView.swift */; };
		CCDBDD8F22B68DDC004BD1DE /* HomeViewController.swift in Sources */ = {isa = PBXBuildFile; fileRef = CCDBDD8E22B68DDC004BD1DE /* HomeViewController.swift */; };
		D5DBC3C599C247870CF2CA8C /* Pods_Instalook_UserUITests.framework in Frameworks */ = {isa = PBXBuildFile; fileRef = 214DE4317A4395070C3F3075 /* Pods_Instalook_UserUITests.framework */; };
/* End PBXBuildFile section */

/* Begin PBXContainerItemProxy section */
		CC83D4912296D9A10035471C /* PBXContainerItemProxy */ = {
			isa = PBXContainerItemProxy;
			containerPortal = CC83D4712296D9A00035471C /* Project object */;
			proxyType = 1;
			remoteGlobalIDString = CC83D4782296D9A00035471C;
			remoteInfo = "Instalook-User";
		};
		CC83D49C2296D9A10035471C /* PBXContainerItemProxy */ = {
			isa = PBXContainerItemProxy;
			containerPortal = CC83D4712296D9A00035471C /* Project object */;
			proxyType = 1;
			remoteGlobalIDString = CC83D4782296D9A00035471C;
			remoteInfo = "Instalook-User";
		};
/* End PBXContainerItemProxy section */

/* Begin PBXFileReference section */
		178033869AA0CDF318088F0A /* Pods_Instalook_UserTests.framework */ = {isa = PBXFileReference; explicitFileType = wrapper.framework; includeInIndex = 0; path = Pods_Instalook_UserTests.framework; sourceTree = BUILT_PRODUCTS_DIR; };
		214DE4317A4395070C3F3075 /* Pods_Instalook_UserUITests.framework */ = {isa = PBXFileReference; explicitFileType = wrapper.framework; includeInIndex = 0; path = Pods_Instalook_UserUITests.framework; sourceTree = BUILT_PRODUCTS_DIR; };
		2287170C49B3FB2EFC5B8547 /* Pods-Instalook-User.release.xcconfig */ = {isa = PBXFileReference; includeInIndex = 1; lastKnownFileType = text.xcconfig; name = "Pods-Instalook-User.release.xcconfig"; path = "Target Support Files/Pods-Instalook-User/Pods-Instalook-User.release.xcconfig"; sourceTree = "<group>"; };
		241341F9A567D668CB438047 /* Pods-Instalook-User.debug.xcconfig */ = {isa = PBXFileReference; includeInIndex = 1; lastKnownFileType = text.xcconfig; name = "Pods-Instalook-User.debug.xcconfig"; path = "Target Support Files/Pods-Instalook-User/Pods-Instalook-User.debug.xcconfig"; sourceTree = "<group>"; };
		6B5181B6A9D998E00477A258 /* Pods_Instalook_User.framework */ = {isa = PBXFileReference; explicitFileType = wrapper.framework; includeInIndex = 0; path = Pods_Instalook_User.framework; sourceTree = BUILT_PRODUCTS_DIR; };
		75591F3232A6EB2DB7C40505 /* Pods-Instalook-UserTests.debug.xcconfig */ = {isa = PBXFileReference; includeInIndex = 1; lastKnownFileType = text.xcconfig; name = "Pods-Instalook-UserTests.debug.xcconfig"; path = "Target Support Files/Pods-Instalook-UserTests/Pods-Instalook-UserTests.debug.xcconfig"; sourceTree = "<group>"; };
		78243ED0B31469AE6F65F4DA /* Pods-Instalook-UserTests.release.xcconfig */ = {isa = PBXFileReference; includeInIndex = 1; lastKnownFileType = text.xcconfig; name = "Pods-Instalook-UserTests.release.xcconfig"; path = "Target Support Files/Pods-Instalook-UserTests/Pods-Instalook-UserTests.release.xcconfig"; sourceTree = "<group>"; };
		7991DC003B8236B5D1887CD9 /* Pods-Instalook-UserUITests.debug.xcconfig */ = {isa = PBXFileReference; includeInIndex = 1; lastKnownFileType = text.xcconfig; name = "Pods-Instalook-UserUITests.debug.xcconfig"; path = "Target Support Files/Pods-Instalook-UserUITests/Pods-Instalook-UserUITests.debug.xcconfig"; sourceTree = "<group>"; };
		A88B4EB68FEC3E45B37DCEEF /* Pods-Instalook-UserUITests.release.xcconfig */ = {isa = PBXFileReference; includeInIndex = 1; lastKnownFileType = text.xcconfig; name = "Pods-Instalook-UserUITests.release.xcconfig"; path = "Target Support Files/Pods-Instalook-UserUITests/Pods-Instalook-UserUITests.release.xcconfig"; sourceTree = "<group>"; };
		CC1CA09022A027C40041FD0F /* Points.swift */ = {isa = PBXFileReference; fileEncoding = 4; lastKnownFileType = sourcecode.swift; path = Points.swift; sourceTree = "<group>"; };
		CC1DB59F2296DD9C003A08F6 /* Salon.swift */ = {isa = PBXFileReference; fileEncoding = 4; lastKnownFileType = sourcecode.swift; path = Salon.swift; sourceTree = "<group>"; };
		CC1DB5A12296DE51003A08F6 /* SearchSalonsTableViewController.swift */ = {isa = PBXFileReference; fileEncoding = 4; lastKnownFileType = sourcecode.swift; path = SearchSalonsTableViewController.swift; sourceTree = "<group>"; };
		CC4E9B26229AD94C004AB0B4 /* Base */ = {isa = PBXFileReference; lastKnownFileType = file.storyboard; name = Base; path = Base.lproj/UserProfileScenario.storyboard; sourceTree = "<group>"; };
		CC4E9B2A229ADB2E004AB0B4 /* ProfileViewController.swift */ = {isa = PBXFileReference; fileEncoding = 4; lastKnownFileType = sourcecode.swift; path = ProfileViewController.swift; sourceTree = "<group>"; };
		CC4E9B2E229ADC91004AB0B4 /* EditingProfileViewController.swift */ = {isa = PBXFileReference; fileEncoding = 4; lastKnownFileType = sourcecode.swift; path = EditingProfileViewController.swift; sourceTree = "<group>"; };
		CC549F0422A1791900B7DD57 /* ReservationPresenter.swift */ = {isa = PBXFileReference; fileEncoding = 4; lastKnownFileType = sourcecode.swift; path = ReservationPresenter.swift; sourceTree = "<group>"; };
		CC56643F229E9DC800678EC4 /* ReservationsTVController.swift */ = {isa = PBXFileReference; fileEncoding = 4; lastKnownFileType = sourcecode.swift; path = ReservationsTVController.swift; sourceTree = "<group>"; };
		CC566441229E9E0B00678EC4 /* ReservationCell.swift */ = {isa = PBXFileReference; fileEncoding = 4; lastKnownFileType = sourcecode.swift; path = ReservationCell.swift; sourceTree = "<group>"; };
		CC566445229EDFAD00678EC4 /* PointsTVController.swift */ = {isa = PBXFileReference; fileEncoding = 4; lastKnownFileType = sourcecode.swift; path = PointsTVController.swift; sourceTree = "<group>"; };
		CC566447229EE16D00678EC4 /* PointsCell.swift */ = {isa = PBXFileReference; fileEncoding = 4; lastKnownFileType = sourcecode.swift; path = PointsCell.swift; sourceTree = "<group>"; };
		CC566449229EE7A400678EC4 /* FollowedSalonsTV.swift */ = {isa = PBXFileReference; fileEncoding = 4; lastKnownFileType = sourcecode.swift; path = FollowedSalonsTV.swift; sourceTree = "<group>"; };
		CC56644B229EE89000678EC4 /* FollowedSalonCell.swift */ = {isa = PBXFileReference; fileEncoding = 4; lastKnownFileType = sourcecode.swift; path = FollowedSalonCell.swift; sourceTree = "<group>"; };
		CC56644D229F46F000678EC4 /* SavedPostsTVController.swift */ = {isa = PBXFileReference; fileEncoding = 4; lastKnownFileType = sourcecode.swift; path = SavedPostsTVController.swift; sourceTree = "<group>"; };
		CC56644F229F48B600678EC4 /* PostCellWithImage.swift */ = {isa = PBXFileReference; fileEncoding = 4; lastKnownFileType = sourcecode.swift; path = PostCellWithImage.swift; sourceTree = "<group>"; };
		CC566451229F48E200678EC4 /* PostCellWithoutImage.swift */ = {isa = PBXFileReference; fileEncoding = 4; lastKnownFileType = sourcecode.swift; path = PostCellWithoutImage.swift; sourceTree = "<group>"; };
		CC56ADD922BBAAED00A3924A /* ProfileView.swift */ = {isa = PBXFileReference; fileEncoding = 4; lastKnownFileType = sourcecode.swift; path = ProfileView.swift; sourceTree = "<group>"; };
		CC6152D8229B2E5A00A230A1 /* Utils.swift */ = {isa = PBXFileReference; fileEncoding = 4; lastKnownFileType = sourcecode.swift; path = Utils.swift; sourceTree = "<group>"; };
		CC6588D622B520C800DCDBC9 /* Booking.swift */ = {isa = PBXFileReference; fileEncoding = 4; lastKnownFileType = sourcecode.swift; path = Booking.swift; sourceTree = "<group>"; };
		CC7B009122B3EB6300EDA3E9 /* LoginViewController+TextFieldDelegate.swift */ = {isa = PBXFileReference; fileEncoding = 4; lastKnownFileType = sourcecode.swift; path = "LoginViewController+TextFieldDelegate.swift"; sourceTree = "<group>"; };
		CC7B009322B3EDA200EDA3E9 /* LoginViewController+TextField.swift */ = {isa = PBXFileReference; fileEncoding = 4; lastKnownFileType = sourcecode.swift; path = "LoginViewController+TextField.swift"; sourceTree = "<group>"; };
		CC7B009522B3F05A00EDA3E9 /* RegistrationViewController+TextFieldDelegate.swift */ = {isa = PBXFileReference; fileEncoding = 4; lastKnownFileType = sourcecode.swift; path = "RegistrationViewController+TextFieldDelegate.swift"; sourceTree = "<group>"; };
		CC7E8ED122A361EE00D6101A /* LoginViewController+PresenterDelegate.swift */ = {isa = PBXFileReference; fileEncoding = 4; lastKnownFileType = sourcecode.swift; path = "LoginViewController+PresenterDelegate.swift"; sourceTree = "<group>"; };
		CC7E8ED322A375B700D6101A /* RegistrationViewController+PresenterDelegate.swift */ = {isa = PBXFileReference; fileEncoding = 4; lastKnownFileType = sourcecode.swift; path = "RegistrationViewController+PresenterDelegate.swift"; sourceTree = "<group>"; };
		CC83D4792296D9A00035471C /* Instalook-User.app */ = {isa = PBXFileReference; explicitFileType = wrapper.application; includeInIndex = 0; path = "Instalook-User.app"; sourceTree = BUILT_PRODUCTS_DIR; };
		CC83D47C2296D9A10035471C /* AppDelegate.swift */ = {isa = PBXFileReference; lastKnownFileType = sourcecode.swift; path = AppDelegate.swift; sourceTree = "<group>"; };
		CC83D4812296D9A10035471C /* Base */ = {isa = PBXFileReference; lastKnownFileType = file.storyboard; name = Base; path = Base.lproj/Main.storyboard; sourceTree = "<group>"; };
		CC83D4842296D9A10035471C /* Instalook_User.xcdatamodel */ = {isa = PBXFileReference; lastKnownFileType = wrapper.xcdatamodel; path = Instalook_User.xcdatamodel; sourceTree = "<group>"; };
		CC83D4862296D9A10035471C /* Assets.xcassets */ = {isa = PBXFileReference; lastKnownFileType = folder.assetcatalog; path = Assets.xcassets; sourceTree = "<group>"; };
		CC83D4892296D9A10035471C /* Base */ = {isa = PBXFileReference; lastKnownFileType = file.storyboard; name = Base; path = Base.lproj/LaunchScreen.storyboard; sourceTree = "<group>"; };
		CC83D48B2296D9A10035471C /* Info.plist */ = {isa = PBXFileReference; lastKnownFileType = text.plist.xml; path = Info.plist; sourceTree = "<group>"; };
		CC83D4902296D9A10035471C /* Instalook-UserTests.xctest */ = {isa = PBXFileReference; explicitFileType = wrapper.cfbundle; includeInIndex = 0; path = "Instalook-UserTests.xctest"; sourceTree = BUILT_PRODUCTS_DIR; };
		CC83D4942296D9A10035471C /* Instalook_UserTests.swift */ = {isa = PBXFileReference; lastKnownFileType = sourcecode.swift; path = Instalook_UserTests.swift; sourceTree = "<group>"; };
		CC83D4962296D9A10035471C /* Info.plist */ = {isa = PBXFileReference; lastKnownFileType = text.plist.xml; path = Info.plist; sourceTree = "<group>"; };
		CC83D49B2296D9A10035471C /* Instalook-UserUITests.xctest */ = {isa = PBXFileReference; explicitFileType = wrapper.cfbundle; includeInIndex = 0; path = "Instalook-UserUITests.xctest"; sourceTree = BUILT_PRODUCTS_DIR; };
		CC83D49F2296D9A10035471C /* Instalook_UserUITests.swift */ = {isa = PBXFileReference; lastKnownFileType = sourcecode.swift; path = Instalook_UserUITests.swift; sourceTree = "<group>"; };
		CC83D4A12296D9A10035471C /* Info.plist */ = {isa = PBXFileReference; lastKnownFileType = text.plist.xml; path = Info.plist; sourceTree = "<group>"; };
		CCA9042422BE1BC5008908AB /* SearchInteractor.swift */ = {isa = PBXFileReference; fileEncoding = 4; lastKnownFileType = sourcecode.swift; path = SearchInteractor.swift; sourceTree = "<group>"; };
		CCA9042622BE1C8E008908AB /* NetworkConnectivity.swift */ = {isa = PBXFileReference; fileEncoding = 4; lastKnownFileType = sourcecode.swift; path = NetworkConnectivity.swift; sourceTree = "<group>"; };
		CCA9042822BE2245008908AB /* Images.swift */ = {isa = PBXFileReference; fileEncoding = 4; lastKnownFileType = sourcecode.swift; path = Images.swift; sourceTree = "<group>"; };
		CCA9042A22BE2269008908AB /* Post.swift */ = {isa = PBXFileReference; fileEncoding = 4; lastKnownFileType = sourcecode.swift; path = Post.swift; sourceTree = "<group>"; };
		CCC97DAF22A1CB9B006FA981 /* ReservationInteractor.swift */ = {isa = PBXFileReference; fileEncoding = 4; lastKnownFileType = sourcecode.swift; path = ReservationInteractor.swift; sourceTree = "<group>"; };
		CCC97DB122A1CBC8006FA981 /* ReservationView.swift */ = {isa = PBXFileReference; fileEncoding = 4; lastKnownFileType = sourcecode.swift; path = ReservationView.swift; sourceTree = "<group>"; };
		CCC97DB322A1CC97006FA981 /* Reservation.swift */ = {isa = PBXFileReference; fileEncoding = 4; lastKnownFileType = sourcecode.swift; path = Reservation.swift; sourceTree = "<group>"; };
		CCCF48DC22A0951F0037934D /* NetworkingConstants.swift */ = {isa = PBXFileReference; fileEncoding = 4; lastKnownFileType = sourcecode.swift; path = NetworkingConstants.swift; sourceTree = "<group>"; };
		CCCF48DE22A095490037934D /* InstalookRouter.swift */ = {isa = PBXFileReference; fileEncoding = 4; lastKnownFileType = sourcecode.swift; path = InstalookRouter.swift; sourceTree = "<group>"; };
		CCCF48E022A0968B0037934D /* Authentication.storyboard */ = {isa = PBXFileReference; fileEncoding = 4; lastKnownFileType = file.storyboard; path = Authentication.storyboard; sourceTree = "<group>"; };
		CCCF48E222A096E30037934D /* User.swift */ = {isa = PBXFileReference; fileEncoding = 4; lastKnownFileType = sourcecode.swift; path = User.swift; sourceTree = "<group>"; };
		CCCF48E722A097F80037934D /* LoginViewController.swift */ = {isa = PBXFileReference; fileEncoding = 4; lastKnownFileType = sourcecode.swift; path = LoginViewController.swift; sourceTree = "<group>"; };
		CCCF48E922A098090037934D /* RegistationViewController.swift */ = {isa = PBXFileReference; fileEncoding = 4; lastKnownFileType = sourcecode.swift; path = RegistationViewController.swift; sourceTree = "<group>"; };
		CCCF48EB22A0981D0037934D /* LoginView.swift */ = {isa = PBXFileReference; fileEncoding = 4; lastKnownFileType = sourcecode.swift; path = LoginView.swift; sourceTree = "<group>"; };
		CCCF48ED22A0982A0037934D /* LoginPresenter.swift */ = {isa = PBXFileReference; fileEncoding = 4; lastKnownFileType = sourcecode.swift; path = LoginPresenter.swift; sourceTree = "<group>"; };
		CCCF48EF22A098380037934D /* RegistrationView.swift */ = {isa = PBXFileReference; fileEncoding = 4; lastKnownFileType = sourcecode.swift; path = RegistrationView.swift; sourceTree = "<group>"; };
		CCCF48F122A098470037934D /* RegistrationPresenter.swift */ = {isa = PBXFileReference; fileEncoding = 4; lastKnownFileType = sourcecode.swift; path = RegistrationPresenter.swift; sourceTree = "<group>"; };
		CCCF48F322A098530037934D /* UserInteractor.swift */ = {isa = PBXFileReference; fileEncoding = 4; lastKnownFileType = sourcecode.swift; path = UserInteractor.swift; sourceTree = "<group>"; };
		CCCF48F722A09A2C0037934D /* SalonTableViewCell.swift */ = {isa = PBXFileReference; fileEncoding = 4; lastKnownFileType = sourcecode.swift; path = SalonTableViewCell.swift; sourceTree = "<group>"; };
		CCCF48F922A09A560037934D /* SearchPreseneter.swift */ = {isa = PBXFileReference; fileEncoding = 4; lastKnownFileType = sourcecode.swift; path = SearchPreseneter.swift; sourceTree = "<group>"; };
		CCCF48FB22A09A980037934D /* SearchView.swift */ = {isa = PBXFileReference; fileEncoding = 4; lastKnownFileType = sourcecode.swift; path = SearchView.swift; sourceTree = "<group>"; };
		CCCF48FD22A09AAC0037934D /* SearchCellView.swift */ = {isa = PBXFileReference; fileEncoding = 4; lastKnownFileType = sourcecode.swift; path = SearchCellView.swift; sourceTree = "<group>"; };
		CCDBDD8E22B68DDC004BD1DE /* HomeViewController.swift */ = {isa = PBXFileReference; fileEncoding = 4; lastKnownFileType = sourcecode.swift; path = HomeViewController.swift; sourceTree = "<group>"; };
/* End PBXFileReference section */

/* Begin PBXFrameworksBuildPhase section */
		CC83D4762296D9A00035471C /* Frameworks */ = {
			isa = PBXFrameworksBuildPhase;
			buildActionMask = 2147483647;
			files = (
				4E47E44E06F1994682019492 /* Pods_Instalook_User.framework in Frameworks */,
			);
			runOnlyForDeploymentPostprocessing = 0;
		};
		CC83D48D2296D9A10035471C /* Frameworks */ = {
			isa = PBXFrameworksBuildPhase;
			buildActionMask = 2147483647;
			files = (
				34BA123A719E96E71120AE69 /* Pods_Instalook_UserTests.framework in Frameworks */,
			);
			runOnlyForDeploymentPostprocessing = 0;
		};
		CC83D4982296D9A10035471C /* Frameworks */ = {
			isa = PBXFrameworksBuildPhase;
			buildActionMask = 2147483647;
			files = (
				D5DBC3C599C247870CF2CA8C /* Pods_Instalook_UserUITests.framework in Frameworks */,
			);
			runOnlyForDeploymentPostprocessing = 0;
		};
/* End PBXFrameworksBuildPhase section */

/* Begin PBXGroup section */
		6FD493763E1D9E4AE5BE641A /* Pods */ = {
			isa = PBXGroup;
			children = (
				241341F9A567D668CB438047 /* Pods-Instalook-User.debug.xcconfig */,
				2287170C49B3FB2EFC5B8547 /* Pods-Instalook-User.release.xcconfig */,
				75591F3232A6EB2DB7C40505 /* Pods-Instalook-UserTests.debug.xcconfig */,
				78243ED0B31469AE6F65F4DA /* Pods-Instalook-UserTests.release.xcconfig */,
				7991DC003B8236B5D1887CD9 /* Pods-Instalook-UserUITests.debug.xcconfig */,
				A88B4EB68FEC3E45B37DCEEF /* Pods-Instalook-UserUITests.release.xcconfig */,
			);
			path = Pods;
			sourceTree = "<group>";
		};
		9492F55E54B57C437921BE20 /* Frameworks */ = {
			isa = PBXGroup;
			children = (
				6B5181B6A9D998E00477A258 /* Pods_Instalook_User.framework */,
				178033869AA0CDF318088F0A /* Pods_Instalook_UserTests.framework */,
				214DE4317A4395070C3F3075 /* Pods_Instalook_UserUITests.framework */,
			);
			name = Frameworks;
			sourceTree = "<group>";
		};
		CC1DB5962296DB4E003A08F6 /* Storyboards */ = {
			isa = PBXGroup;
			children = (
				CC83D4802296D9A10035471C /* Main.storyboard */,
				CCCF48E022A0968B0037934D /* Authentication.storyboard */,
				CC4E9B25229AD94C004AB0B4 /* UserProfileScenario.storyboard */,
			);
			name = Storyboards;
			sourceTree = "<group>";
		};
		CC1DB5972296DB5E003A08F6 /* Configuration */ = {
			isa = PBXGroup;
			children = (
				CC83D48B2296D9A10035471C /* Info.plist */,
			);
			name = Configuration;
			sourceTree = "<group>";
		};
		CC1DB5982296DB71003A08F6 /* Resources */ = {
			isa = PBXGroup;
			children = (
				CC83D4862296D9A10035471C /* Assets.xcassets */,
				CC83D4882296D9A10035471C /* LaunchScreen.storyboard */,
			);
			name = Resources;
			sourceTree = "<group>";
		};
		CC1DB5992296DB8E003A08F6 /* Core */ = {
			isa = PBXGroup;
			children = (
				CC83D47C2296D9A10035471C /* AppDelegate.swift */,
			);
			name = Core;
			sourceTree = "<group>";
		};
		CC1DB59A2296DBAE003A08F6 /* Scenes */ = {
			isa = PBXGroup;
			children = (
				CCCF48E422A097990037934D /* Authentication */,
				CC1DB59E2296DC8F003A08F6 /* Search Salon */,
				CC4E9B1D229AD35C004AB0B4 /* User Profile */,
			);
			name = Scenes;
			sourceTree = "<group>";
		};
		CC1DB59B2296DBC9003A08F6 /* Model */ = {
			isa = PBXGroup;
			children = (
				CCCF48E222A096E30037934D /* User.swift */,
				CC1DB59F2296DD9C003A08F6 /* Salon.swift */,
				CC1CA09022A027C40041FD0F /* Points.swift */,
				CC83D4832296D9A10035471C /* Instalook_User.xcdatamodeld */,
				CCC97DB322A1CC97006FA981 /* Reservation.swift */,
				CC6588D622B520C800DCDBC9 /* Booking.swift */,
				CCA9042822BE2245008908AB /* Images.swift */,
				CCA9042A22BE2269008908AB /* Post.swift */,
			);
			name = Model;
			sourceTree = "<group>";
		};
		CC1DB59C2296DC6A003A08F6 /* Interactor */ = {
			isa = PBXGroup;
			children = (
				CCA9042422BE1BC5008908AB /* SearchInteractor.swift */,
				CCA9042622BE1C8E008908AB /* NetworkConnectivity.swift */,
			);
			name = Interactor;
			sourceTree = "<group>";
		};
		CC1DB59D2296DC78003A08F6 /* Presenter */ = {
			isa = PBXGroup;
			children = (
				CCCF48F922A09A560037934D /* SearchPreseneter.swift */,
				CCCF48FB22A09A980037934D /* SearchView.swift */,
				CCCF48FD22A09AAC0037934D /* SearchCellView.swift */,
			);
			name = Presenter;
			sourceTree = "<group>";
		};
		CC1DB59E2296DC8F003A08F6 /* Search Salon */ = {
			isa = PBXGroup;
			children = (
				CC1DB5A12296DE51003A08F6 /* SearchSalonsTableViewController.swift */,
				CCCF48F722A09A2C0037934D /* SalonTableViewCell.swift */,
				CC1DB59D2296DC78003A08F6 /* Presenter */,
				CC1DB59C2296DC6A003A08F6 /* Interactor */,
				CCDBDD8E22B68DDC004BD1DE /* HomeViewController.swift */,
			);
			name = "Search Salon";
			sourceTree = "<group>";
		};
		CC4E9B1D229AD35C004AB0B4 /* User Profile */ = {
			isa = PBXGroup;
			children = (
				CC4E9B20229AD3C1004AB0B4 /* Interactor */,
				CC4E9B1F229AD3AC004AB0B4 /* Presenter */,
				CC4E9B1E229AD396004AB0B4 /* Views */,
			);
			name = "User Profile";
			sourceTree = "<group>";
		};
		CC4E9B1E229AD396004AB0B4 /* Views */ = {
			isa = PBXGroup;
			children = (
				CC56643E229E9D5E00678EC4 /* CellControllers */,
				CC4E9B2A229ADB2E004AB0B4 /* ProfileViewController.swift */,
				CC4E9B2E229ADC91004AB0B4 /* EditingProfileViewController.swift */,
				CC56643F229E9DC800678EC4 /* ReservationsTVController.swift */,
				CC566445229EDFAD00678EC4 /* PointsTVController.swift */,
				CC566449229EE7A400678EC4 /* FollowedSalonsTV.swift */,
				CC56644D229F46F000678EC4 /* SavedPostsTVController.swift */,
			);
			name = Views;
			sourceTree = "<group>";
		};
		CC4E9B1F229AD3AC004AB0B4 /* Presenter */ = {
			isa = PBXGroup;
			children = (
				CCC97DB522A1EDF7006FA981 /* Protocols */,
				CC549F0422A1791900B7DD57 /* ReservationPresenter.swift */,
			);
			name = Presenter;
			sourceTree = "<group>";
		};
		CC4E9B20229AD3C1004AB0B4 /* Interactor */ = {
			isa = PBXGroup;
			children = (
				CCC97DAF22A1CB9B006FA981 /* ReservationInteractor.swift */,
			);
			name = Interactor;
			sourceTree = "<group>";
		};
		CC56643E229E9D5E00678EC4 /* CellControllers */ = {
			isa = PBXGroup;
			children = (
				CC566441229E9E0B00678EC4 /* ReservationCell.swift */,
				CC566447229EE16D00678EC4 /* PointsCell.swift */,
				CC56644B229EE89000678EC4 /* FollowedSalonCell.swift */,
				CC56644F229F48B600678EC4 /* PostCellWithImage.swift */,
				CC566451229F48E200678EC4 /* PostCellWithoutImage.swift */,
			);
			name = CellControllers;
			sourceTree = "<group>";
		};
		CC6152D7229B2E2F00A230A1 /* Utils */ = {
			isa = PBXGroup;
			children = (
				CC6152D8229B2E5A00A230A1 /* Utils.swift */,
			);
			name = Utils;
			sourceTree = "<group>";
		};
		CC83D4702296D9A00035471C = {
			isa = PBXGroup;
			children = (
				CC83D47B2296D9A00035471C /* Instalook-User */,
				CC83D4932296D9A10035471C /* Instalook-UserTests */,
				CC83D49E2296D9A10035471C /* Instalook-UserUITests */,
				CC83D47A2296D9A00035471C /* Products */,
				6FD493763E1D9E4AE5BE641A /* Pods */,
				9492F55E54B57C437921BE20 /* Frameworks */,
			);
			sourceTree = "<group>";
		};
		CC83D47A2296D9A00035471C /* Products */ = {
			isa = PBXGroup;
			children = (
				CC83D4792296D9A00035471C /* Instalook-User.app */,
				CC83D4902296D9A10035471C /* Instalook-UserTests.xctest */,
				CC83D49B2296D9A10035471C /* Instalook-UserUITests.xctest */,
			);
			name = Products;
			sourceTree = "<group>";
		};
		CC83D47B2296D9A00035471C /* Instalook-User */ = {
			isa = PBXGroup;
			children = (
				CC1DB5972296DB5E003A08F6 /* Configuration */,
				CC1DB5992296DB8E003A08F6 /* Core */,
				CC1DB5982296DB71003A08F6 /* Resources */,
				CC1DB5962296DB4E003A08F6 /* Storyboards */,
				CC1DB59B2296DBC9003A08F6 /* Model */,
				CC1DB59A2296DBAE003A08F6 /* Scenes */,
				CCCF48DB22A08B490037934D /* Network */,
				CC6152D7229B2E2F00A230A1 /* Utils */,
			);
			path = "Instalook-User";
			sourceTree = "<group>";
		};
		CC83D4932296D9A10035471C /* Instalook-UserTests */ = {
			isa = PBXGroup;
			children = (
				CC83D4942296D9A10035471C /* Instalook_UserTests.swift */,
				CC83D4962296D9A10035471C /* Info.plist */,
			);
			path = "Instalook-UserTests";
			sourceTree = "<group>";
		};
		CC83D49E2296D9A10035471C /* Instalook-UserUITests */ = {
			isa = PBXGroup;
			children = (
				CC83D49F2296D9A10035471C /* Instalook_UserUITests.swift */,
				CC83D4A12296D9A10035471C /* Info.plist */,
			);
			path = "Instalook-UserUITests";
			sourceTree = "<group>";
		};
		CCC97DB522A1EDF7006FA981 /* Protocols */ = {
			isa = PBXGroup;
			children = (
				CCC97DB122A1CBC8006FA981 /* ReservationView.swift */,
				CC56ADD922BBAAED00A3924A /* ProfileView.swift */,
			);
			name = Protocols;
			sourceTree = "<group>";
		};
		CCCF48DB22A08B490037934D /* Network */ = {
			isa = PBXGroup;
			children = (
				CCCF48DE22A095490037934D /* InstalookRouter.swift */,
				CCCF48DC22A0951F0037934D /* NetworkingConstants.swift */,
			);
			name = Network;
			sourceTree = "<group>";
		};
		CCCF48E422A097990037934D /* Authentication */ = {
			isa = PBXGroup;
			children = (
				CCCF48E722A097F80037934D /* LoginViewController.swift */,
				CC7E8ED122A361EE00D6101A /* LoginViewController+PresenterDelegate.swift */,
				CC7B009322B3EDA200EDA3E9 /* LoginViewController+TextField.swift */,
				CC7B009122B3EB6300EDA3E9 /* LoginViewController+TextFieldDelegate.swift */,
				CCCF48E922A098090037934D /* RegistationViewController.swift */,
				CC7E8ED322A375B700D6101A /* RegistrationViewController+PresenterDelegate.swift */,
				CC7B009522B3F05A00EDA3E9 /* RegistrationViewController+TextFieldDelegate.swift */,
				CCCF48E622A097BA0037934D /* Presenter */,
				CCCF48E522A097B60037934D /* Interactor */,
			);
			name = Authentication;
			sourceTree = "<group>";
		};
		CCCF48E522A097B60037934D /* Interactor */ = {
			isa = PBXGroup;
			children = (
				CCCF48F322A098530037934D /* UserInteractor.swift */,
			);
			name = Interactor;
			sourceTree = "<group>";
		};
		CCCF48E622A097BA0037934D /* Presenter */ = {
			isa = PBXGroup;
			children = (
				CCCF48EB22A0981D0037934D /* LoginView.swift */,
				CCCF48ED22A0982A0037934D /* LoginPresenter.swift */,
				CCCF48EF22A098380037934D /* RegistrationView.swift */,
				CCCF48F122A098470037934D /* RegistrationPresenter.swift */,
			);
			name = Presenter;
			sourceTree = "<group>";
		};
/* End PBXGroup section */

/* Begin PBXNativeTarget section */
		CC83D4782296D9A00035471C /* Instalook-User */ = {
			isa = PBXNativeTarget;
			buildConfigurationList = CC83D4A42296D9A10035471C /* Build configuration list for PBXNativeTarget "Instalook-User" */;
			buildPhases = (
				CCC8789388516BBC17013875 /* [CP] Check Pods Manifest.lock */,
				CC83D4752296D9A00035471C /* Sources */,
				CC83D4762296D9A00035471C /* Frameworks */,
				CC83D4772296D9A00035471C /* Resources */,
				EACA50D59B47E7CC3339AE61 /* [CP] Embed Pods Frameworks */,
			);
			buildRules = (
			);
			dependencies = (
			);
			name = "Instalook-User";
			productName = "Instalook-User";
			productReference = CC83D4792296D9A00035471C /* Instalook-User.app */;
			productType = "com.apple.product-type.application";
		};
		CC83D48F2296D9A10035471C /* Instalook-UserTests */ = {
			isa = PBXNativeTarget;
			buildConfigurationList = CC83D4A72296D9A10035471C /* Build configuration list for PBXNativeTarget "Instalook-UserTests" */;
			buildPhases = (
				42C82882947B92F9C35BA133 /* [CP] Check Pods Manifest.lock */,
				CC83D48C2296D9A10035471C /* Sources */,
				CC83D48D2296D9A10035471C /* Frameworks */,
				CC83D48E2296D9A10035471C /* Resources */,
			);
			buildRules = (
			);
			dependencies = (
				CC83D4922296D9A10035471C /* PBXTargetDependency */,
			);
			name = "Instalook-UserTests";
			productName = "Instalook-UserTests";
			productReference = CC83D4902296D9A10035471C /* Instalook-UserTests.xctest */;
			productType = "com.apple.product-type.bundle.unit-test";
		};
		CC83D49A2296D9A10035471C /* Instalook-UserUITests */ = {
			isa = PBXNativeTarget;
			buildConfigurationList = CC83D4AA2296D9A10035471C /* Build configuration list for PBXNativeTarget "Instalook-UserUITests" */;
			buildPhases = (
				4C121A6BC3209BB4F5E88D99 /* [CP] Check Pods Manifest.lock */,
				CC83D4972296D9A10035471C /* Sources */,
				CC83D4982296D9A10035471C /* Frameworks */,
				CC83D4992296D9A10035471C /* Resources */,
			);
			buildRules = (
			);
			dependencies = (
				CC83D49D2296D9A10035471C /* PBXTargetDependency */,
			);
			name = "Instalook-UserUITests";
			productName = "Instalook-UserUITests";
			productReference = CC83D49B2296D9A10035471C /* Instalook-UserUITests.xctest */;
			productType = "com.apple.product-type.bundle.ui-testing";
		};
/* End PBXNativeTarget section */

/* Begin PBXProject section */
		CC83D4712296D9A00035471C /* Project object */ = {
			isa = PBXProject;
			attributes = {
				LastSwiftUpdateCheck = 0820;
				LastUpgradeCheck = 0820;
				ORGANIZATIONNAME = Instalook;
				TargetAttributes = {
					CC83D4782296D9A00035471C = {
						CreatedOnToolsVersion = 8.2.1;
						ProvisioningStyle = Automatic;
					};
					CC83D48F2296D9A10035471C = {
						CreatedOnToolsVersion = 8.2.1;
						ProvisioningStyle = Automatic;
						TestTargetID = CC83D4782296D9A00035471C;
					};
					CC83D49A2296D9A10035471C = {
						CreatedOnToolsVersion = 8.2.1;
						ProvisioningStyle = Automatic;
						TestTargetID = CC83D4782296D9A00035471C;
					};
				};
			};
			buildConfigurationList = CC83D4742296D9A00035471C /* Build configuration list for PBXProject "Instalook-User" */;
			compatibilityVersion = "Xcode 3.2";
			developmentRegion = English;
			hasScannedForEncodings = 0;
			knownRegions = (
				en,
				Base,
			);
			mainGroup = CC83D4702296D9A00035471C;
			productRefGroup = CC83D47A2296D9A00035471C /* Products */;
			projectDirPath = "";
			projectRoot = "";
			targets = (
				CC83D4782296D9A00035471C /* Instalook-User */,
				CC83D48F2296D9A10035471C /* Instalook-UserTests */,
				CC83D49A2296D9A10035471C /* Instalook-UserUITests */,
			);
		};
/* End PBXProject section */

/* Begin PBXResourcesBuildPhase section */
		CC83D4772296D9A00035471C /* Resources */ = {
			isa = PBXResourcesBuildPhase;
			buildActionMask = 2147483647;
			files = (
				CC83D48A2296D9A10035471C /* LaunchScreen.storyboard in Resources */,
				CC4E9B27229AD94C004AB0B4 /* UserProfileScenario.storyboard in Resources */,
				CC83D4872296D9A10035471C /* Assets.xcassets in Resources */,
				CC83D4822296D9A10035471C /* Main.storyboard in Resources */,
				CCCF48E122A0968B0037934D /* Authentication.storyboard in Resources */,
			);
			runOnlyForDeploymentPostprocessing = 0;
		};
		CC83D48E2296D9A10035471C /* Resources */ = {
			isa = PBXResourcesBuildPhase;
			buildActionMask = 2147483647;
			files = (
			);
			runOnlyForDeploymentPostprocessing = 0;
		};
		CC83D4992296D9A10035471C /* Resources */ = {
			isa = PBXResourcesBuildPhase;
			buildActionMask = 2147483647;
			files = (
			);
			runOnlyForDeploymentPostprocessing = 0;
		};
/* End PBXResourcesBuildPhase section */

/* Begin PBXShellScriptBuildPhase section */
		42C82882947B92F9C35BA133 /* [CP] Check Pods Manifest.lock */ = {
			isa = PBXShellScriptBuildPhase;
			buildActionMask = 2147483647;
			files = (
			);
			inputPaths = (
				"${PODS_PODFILE_DIR_PATH}/Podfile.lock",
				"${PODS_ROOT}/Manifest.lock",
			);
			name = "[CP] Check Pods Manifest.lock";
			outputPaths = (
				"$(DERIVED_FILE_DIR)/Pods-Instalook-UserTests-checkManifestLockResult.txt",
			);
			runOnlyForDeploymentPostprocessing = 0;
			shellPath = /bin/sh;
			shellScript = "diff \"${PODS_PODFILE_DIR_PATH}/Podfile.lock\" \"${PODS_ROOT}/Manifest.lock\" > /dev/null\nif [ $? != 0 ] ; then\n    # print error to STDERR\n    echo \"error: The sandbox is not in sync with the Podfile.lock. Run 'pod install' or update your CocoaPods installation.\" >&2\n    exit 1\nfi\n# This output is used by Xcode 'outputs' to avoid re-running this script phase.\necho \"SUCCESS\" > \"${SCRIPT_OUTPUT_FILE_0}\"\n";
			showEnvVarsInLog = 0;
		};
		4C121A6BC3209BB4F5E88D99 /* [CP] Check Pods Manifest.lock */ = {
			isa = PBXShellScriptBuildPhase;
			buildActionMask = 2147483647;
			files = (
			);
			inputPaths = (
				"${PODS_PODFILE_DIR_PATH}/Podfile.lock",
				"${PODS_ROOT}/Manifest.lock",
			);
			name = "[CP] Check Pods Manifest.lock";
			outputPaths = (
				"$(DERIVED_FILE_DIR)/Pods-Instalook-UserUITests-checkManifestLockResult.txt",
			);
			runOnlyForDeploymentPostprocessing = 0;
			shellPath = /bin/sh;
			shellScript = "diff \"${PODS_PODFILE_DIR_PATH}/Podfile.lock\" \"${PODS_ROOT}/Manifest.lock\" > /dev/null\nif [ $? != 0 ] ; then\n    # print error to STDERR\n    echo \"error: The sandbox is not in sync with the Podfile.lock. Run 'pod install' or update your CocoaPods installation.\" >&2\n    exit 1\nfi\n# This output is used by Xcode 'outputs' to avoid re-running this script phase.\necho \"SUCCESS\" > \"${SCRIPT_OUTPUT_FILE_0}\"\n";
			showEnvVarsInLog = 0;
		};
		CCC8789388516BBC17013875 /* [CP] Check Pods Manifest.lock */ = {
			isa = PBXShellScriptBuildPhase;
			buildActionMask = 2147483647;
			files = (
			);
			inputPaths = (
				"${PODS_PODFILE_DIR_PATH}/Podfile.lock",
				"${PODS_ROOT}/Manifest.lock",
			);
			name = "[CP] Check Pods Manifest.lock";
			outputPaths = (
				"$(DERIVED_FILE_DIR)/Pods-Instalook-User-checkManifestLockResult.txt",
			);
			runOnlyForDeploymentPostprocessing = 0;
			shellPath = /bin/sh;
			shellScript = "diff \"${PODS_PODFILE_DIR_PATH}/Podfile.lock\" \"${PODS_ROOT}/Manifest.lock\" > /dev/null\nif [ $? != 0 ] ; then\n    # print error to STDERR\n    echo \"error: The sandbox is not in sync with the Podfile.lock. Run 'pod install' or update your CocoaPods installation.\" >&2\n    exit 1\nfi\n# This output is used by Xcode 'outputs' to avoid re-running this script phase.\necho \"SUCCESS\" > \"${SCRIPT_OUTPUT_FILE_0}\"\n";
			showEnvVarsInLog = 0;
		};
		EACA50D59B47E7CC3339AE61 /* [CP] Embed Pods Frameworks */ = {
			isa = PBXShellScriptBuildPhase;
			buildActionMask = 2147483647;
			files = (
			);
			inputPaths = (
				"${PODS_ROOT}/Target Support Files/Pods-Instalook-User/Pods-Instalook-User-frameworks.sh",
				"${BUILT_PRODUCTS_DIR}/Alamofire/Alamofire.framework",
				"${BUILT_PRODUCTS_DIR}/AlamofireObjectMapper/AlamofireObjectMapper.framework",
				"${BUILT_PRODUCTS_DIR}/Cosmos/Cosmos.framework",
				"${BUILT_PRODUCTS_DIR}/ObjectMapper/ObjectMapper.framework",
				"${BUILT_PRODUCTS_DIR}/SDWebImage/SDWebImage.framework",
			);
			name = "[CP] Embed Pods Frameworks";
			outputPaths = (
				"${TARGET_BUILD_DIR}/${FRAMEWORKS_FOLDER_PATH}/Alamofire.framework",
				"${TARGET_BUILD_DIR}/${FRAMEWORKS_FOLDER_PATH}/AlamofireObjectMapper.framework",
				"${TARGET_BUILD_DIR}/${FRAMEWORKS_FOLDER_PATH}/Cosmos.framework",
				"${TARGET_BUILD_DIR}/${FRAMEWORKS_FOLDER_PATH}/ObjectMapper.framework",
				"${TARGET_BUILD_DIR}/${FRAMEWORKS_FOLDER_PATH}/SDWebImage.framework",
			);
			runOnlyForDeploymentPostprocessing = 0;
			shellPath = /bin/sh;
			shellScript = "\"${PODS_ROOT}/Target Support Files/Pods-Instalook-User/Pods-Instalook-User-frameworks.sh\"\n";
			showEnvVarsInLog = 0;
		};
/* End PBXShellScriptBuildPhase section */

/* Begin PBXSourcesBuildPhase section */
		CC83D4752296D9A00035471C /* Sources */ = {
			isa = PBXSourcesBuildPhase;
			buildActionMask = 2147483647;
			files = (
				CC566442229E9E0B00678EC4 /* ReservationCell.swift in Sources */,
				CCC97DB422A1CC97006FA981 /* Reservation.swift in Sources */,
				CCC97DB022A1CB9B006FA981 /* ReservationInteractor.swift in Sources */,
				CC7E8ED222A361EE00D6101A /* LoginViewController+PresenterDelegate.swift in Sources */,
				CC7B009422B3EDA200EDA3E9 /* LoginViewController+TextField.swift in Sources */,
				CC6152D9229B2E5A00A230A1 /* Utils.swift in Sources */,
				CCA9042B22BE2269008908AB /* Post.swift in Sources */,
				CCCF48EE22A0982A0037934D /* LoginPresenter.swift in Sources */,
				CC7E8ED422A375B700D6101A /* RegistrationViewController+PresenterDelegate.swift in Sources */,
				CC56ADDA22BBAAED00A3924A /* ProfileView.swift in Sources */,
				CC566452229F48E200678EC4 /* PostCellWithoutImage.swift in Sources */,
				CC83D47D2296D9A10035471C /* AppDelegate.swift in Sources */,
				CC56644A229EE7A400678EC4 /* FollowedSalonsTV.swift in Sources */,
				CCCF48DD22A0951F0037934D /* NetworkingConstants.swift in Sources */,
				CC1DB5A22296DE51003A08F6 /* SearchSalonsTableViewController.swift in Sources */,
				CC566446229EDFAD00678EC4 /* PointsTVController.swift in Sources */,
				CCA9042922BE2245008908AB /* Images.swift in Sources */,
				CC7B009222B3EB6300EDA3E9 /* LoginViewController+TextFieldDelegate.swift in Sources */,
				CCA9042722BE1C8E008908AB /* NetworkConnectivity.swift in Sources */,
				CCCF48EC22A0981D0037934D /* LoginView.swift in Sources */,
				CCCF48FE22A09AAC0037934D /* SearchCellView.swift in Sources */,
				CCA9042522BE1BC5008908AB /* SearchInteractor.swift in Sources */,
				CCDBDD8F22B68DDC004BD1DE /* HomeViewController.swift in Sources */,
				CCCF48FC22A09A980037934D /* SearchView.swift in Sources */,
				CC549F0522A1791900B7DD57 /* ReservationPresenter.swift in Sources */,
				CCCF48F422A098530037934D /* UserInteractor.swift in Sources */,
				CCCF48E822A097F80037934D /* LoginViewController.swift in Sources */,
				CC566450229F48B600678EC4 /* PostCellWithImage.swift in Sources */,
				CC566448229EE16E00678EC4 /* PointsCell.swift in Sources */,
				CC4E9B2D229ADB2E004AB0B4 /* ProfileViewController.swift in Sources */,
				CCCF48EA22A098090037934D /* RegistationViewController.swift in Sources */,
				CCC97DB222A1CBC8006FA981 /* ReservationView.swift in Sources */,
				CCCF48F022A098380037934D /* RegistrationView.swift in Sources */,
				CC566440229E9DC800678EC4 /* ReservationsTVController.swift in Sources */,
				CCCF48F822A09A2C0037934D /* SalonTableViewCell.swift in Sources */,
				CC56644E229F46F000678EC4 /* SavedPostsTVController.swift in Sources */,
				CCCF48DF22A095490037934D /* InstalookRouter.swift in Sources */,
				CC56644C229EE89000678EC4 /* FollowedSalonCell.swift in Sources */,
				CC6588D722B520C800DCDBC9 /* Booking.swift in Sources */,
				CC4E9B2F229ADC91004AB0B4 /* EditingProfileViewController.swift in Sources */,
				CCCF48F222A098470037934D /* RegistrationPresenter.swift in Sources */,
				CC1CA09122A027C40041FD0F /* Points.swift in Sources */,
				CC1DB5A02296DD9C003A08F6 /* Salon.swift in Sources */,
				CC7B009622B3F05A00EDA3E9 /* RegistrationViewController+TextFieldDelegate.swift in Sources */,
				CC83D4852296D9A10035471C /* Instalook_User.xcdatamodeld in Sources */,
				CCCF48FA22A09A560037934D /* SearchPreseneter.swift in Sources */,
				CCCF48E322A096E30037934D /* User.swift in Sources */,
			);
			runOnlyForDeploymentPostprocessing = 0;
		};
		CC83D48C2296D9A10035471C /* Sources */ = {
			isa = PBXSourcesBuildPhase;
			buildActionMask = 2147483647;
			files = (
				CC83D4952296D9A10035471C /* Instalook_UserTests.swift in Sources */,
			);
			runOnlyForDeploymentPostprocessing = 0;
		};
		CC83D4972296D9A10035471C /* Sources */ = {
			isa = PBXSourcesBuildPhase;
			buildActionMask = 2147483647;
			files = (
				CC83D4A02296D9A10035471C /* Instalook_UserUITests.swift in Sources */,
			);
			runOnlyForDeploymentPostprocessing = 0;
		};
/* End PBXSourcesBuildPhase section */

/* Begin PBXTargetDependency section */
		CC83D4922296D9A10035471C /* PBXTargetDependency */ = {
			isa = PBXTargetDependency;
			target = CC83D4782296D9A00035471C /* Instalook-User */;
			targetProxy = CC83D4912296D9A10035471C /* PBXContainerItemProxy */;
		};
		CC83D49D2296D9A10035471C /* PBXTargetDependency */ = {
			isa = PBXTargetDependency;
			target = CC83D4782296D9A00035471C /* Instalook-User */;
			targetProxy = CC83D49C2296D9A10035471C /* PBXContainerItemProxy */;
		};
/* End PBXTargetDependency section */

/* Begin PBXVariantGroup section */
		CC4E9B25229AD94C004AB0B4 /* UserProfileScenario.storyboard */ = {
			isa = PBXVariantGroup;
			children = (
				CC4E9B26229AD94C004AB0B4 /* Base */,
			);
			name = UserProfileScenario.storyboard;
			sourceTree = "<group>";
		};
		CC83D4802296D9A10035471C /* Main.storyboard */ = {
			isa = PBXVariantGroup;
			children = (
				CC83D4812296D9A10035471C /* Base */,
			);
			name = Main.storyboard;
			sourceTree = "<group>";
		};
		CC83D4882296D9A10035471C /* LaunchScreen.storyboard */ = {
			isa = PBXVariantGroup;
			children = (
				CC83D4892296D9A10035471C /* Base */,
			);
			name = LaunchScreen.storyboard;
			sourceTree = "<group>";
		};
/* End PBXVariantGroup section */

/* Begin XCBuildConfiguration section */
		CC83D4A22296D9A10035471C /* Debug */ = {
			isa = XCBuildConfiguration;
			buildSettings = {
				ALWAYS_SEARCH_USER_PATHS = NO;
				CLANG_ANALYZER_NONNULL = YES;
				CLANG_CXX_LANGUAGE_STANDARD = "gnu++0x";
				CLANG_CXX_LIBRARY = "libc++";
				CLANG_ENABLE_MODULES = YES;
				CLANG_ENABLE_OBJC_ARC = YES;
				CLANG_WARN_BOOL_CONVERSION = YES;
				CLANG_WARN_CONSTANT_CONVERSION = YES;
				CLANG_WARN_DIRECT_OBJC_ISA_USAGE = YES_ERROR;
				CLANG_WARN_DOCUMENTATION_COMMENTS = YES;
				CLANG_WARN_EMPTY_BODY = YES;
				CLANG_WARN_ENUM_CONVERSION = YES;
				CLANG_WARN_INFINITE_RECURSION = YES;
				CLANG_WARN_INT_CONVERSION = YES;
				CLANG_WARN_OBJC_ROOT_CLASS = YES_ERROR;
				CLANG_WARN_SUSPICIOUS_MOVE = YES;
				CLANG_WARN_UNREACHABLE_CODE = YES;
				CLANG_WARN__DUPLICATE_METHOD_MATCH = YES;
				"CODE_SIGN_IDENTITY[sdk=iphoneos*]" = "iPhone Developer";
				COPY_PHASE_STRIP = NO;
				DEBUG_INFORMATION_FORMAT = dwarf;
				ENABLE_STRICT_OBJC_MSGSEND = YES;
				ENABLE_TESTABILITY = YES;
				GCC_C_LANGUAGE_STANDARD = gnu99;
				GCC_DYNAMIC_NO_PIC = NO;
				GCC_NO_COMMON_BLOCKS = YES;
				GCC_OPTIMIZATION_LEVEL = 0;
				GCC_PREPROCESSOR_DEFINITIONS = (
					"DEBUG=1",
					"$(inherited)",
				);
				GCC_WARN_64_TO_32_BIT_CONVERSION = YES;
				GCC_WARN_ABOUT_RETURN_TYPE = YES_ERROR;
				GCC_WARN_UNDECLARED_SELECTOR = YES;
				GCC_WARN_UNINITIALIZED_AUTOS = YES_AGGRESSIVE;
				GCC_WARN_UNUSED_FUNCTION = YES;
				GCC_WARN_UNUSED_VARIABLE = YES;
				IPHONEOS_DEPLOYMENT_TARGET = 10.2;
				MTL_ENABLE_DEBUG_INFO = YES;
				ONLY_ACTIVE_ARCH = YES;
				SDKROOT = iphoneos;
				SWIFT_ACTIVE_COMPILATION_CONDITIONS = DEBUG;
				SWIFT_OPTIMIZATION_LEVEL = "-Onone";
			};
			name = Debug;
		};
		CC83D4A32296D9A10035471C /* Release */ = {
			isa = XCBuildConfiguration;
			buildSettings = {
				ALWAYS_SEARCH_USER_PATHS = NO;
				CLANG_ANALYZER_NONNULL = YES;
				CLANG_CXX_LANGUAGE_STANDARD = "gnu++0x";
				CLANG_CXX_LIBRARY = "libc++";
				CLANG_ENABLE_MODULES = YES;
				CLANG_ENABLE_OBJC_ARC = YES;
				CLANG_WARN_BOOL_CONVERSION = YES;
				CLANG_WARN_CONSTANT_CONVERSION = YES;
				CLANG_WARN_DIRECT_OBJC_ISA_USAGE = YES_ERROR;
				CLANG_WARN_DOCUMENTATION_COMMENTS = YES;
				CLANG_WARN_EMPTY_BODY = YES;
				CLANG_WARN_ENUM_CONVERSION = YES;
				CLANG_WARN_INFINITE_RECURSION = YES;
				CLANG_WARN_INT_CONVERSION = YES;
				CLANG_WARN_OBJC_ROOT_CLASS = YES_ERROR;
				CLANG_WARN_SUSPICIOUS_MOVE = YES;
				CLANG_WARN_UNREACHABLE_CODE = YES;
				CLANG_WARN__DUPLICATE_METHOD_MATCH = YES;
				"CODE_SIGN_IDENTITY[sdk=iphoneos*]" = "iPhone Developer";
				COPY_PHASE_STRIP = NO;
				DEBUG_INFORMATION_FORMAT = "dwarf-with-dsym";
				ENABLE_NS_ASSERTIONS = NO;
				ENABLE_STRICT_OBJC_MSGSEND = YES;
				GCC_C_LANGUAGE_STANDARD = gnu99;
				GCC_NO_COMMON_BLOCKS = YES;
				GCC_WARN_64_TO_32_BIT_CONVERSION = YES;
				GCC_WARN_ABOUT_RETURN_TYPE = YES_ERROR;
				GCC_WARN_UNDECLARED_SELECTOR = YES;
				GCC_WARN_UNINITIALIZED_AUTOS = YES_AGGRESSIVE;
				GCC_WARN_UNUSED_FUNCTION = YES;
				GCC_WARN_UNUSED_VARIABLE = YES;
				IPHONEOS_DEPLOYMENT_TARGET = 10.2;
				MTL_ENABLE_DEBUG_INFO = NO;
				SDKROOT = iphoneos;
				SWIFT_OPTIMIZATION_LEVEL = "-Owholemodule";
				VALIDATE_PRODUCT = YES;
			};
			name = Release;
		};
		CC83D4A52296D9A10035471C /* Debug */ = {
			isa = XCBuildConfiguration;
			baseConfigurationReference = 241341F9A567D668CB438047 /* Pods-Instalook-User.debug.xcconfig */;
			buildSettings = {
				ASSETCATALOG_COMPILER_APPICON_NAME = AppIcon;
				DEVELOPMENT_TEAM = "";
				INFOPLIST_FILE = "Instalook-User/Info.plist";
				LD_RUNPATH_SEARCH_PATHS = "$(inherited) @executable_path/Frameworks";
				PRODUCT_BUNDLE_IDENTIFIER = com.instalook.Instalook;
				PRODUCT_NAME = "$(TARGET_NAME)";
				SWIFT_VERSION = 3.0;
			};
			name = Debug;
		};
		CC83D4A62296D9A10035471C /* Release */ = {
			isa = XCBuildConfiguration;
			baseConfigurationReference = 2287170C49B3FB2EFC5B8547 /* Pods-Instalook-User.release.xcconfig */;
			buildSettings = {
				ASSETCATALOG_COMPILER_APPICON_NAME = AppIcon;
				DEVELOPMENT_TEAM = "";
				INFOPLIST_FILE = "Instalook-User/Info.plist";
				LD_RUNPATH_SEARCH_PATHS = "$(inherited) @executable_path/Frameworks";
				PRODUCT_BUNDLE_IDENTIFIER = com.instalook.Instalook;
				PRODUCT_NAME = "$(TARGET_NAME)";
				SWIFT_VERSION = 3.0;
			};
			name = Release;
		};
		CC83D4A82296D9A10035471C /* Debug */ = {
			isa = XCBuildConfiguration;
			baseConfigurationReference = 75591F3232A6EB2DB7C40505 /* Pods-Instalook-UserTests.debug.xcconfig */;
			buildSettings = {
				ALWAYS_EMBED_SWIFT_STANDARD_LIBRARIES = YES;
				BUNDLE_LOADER = "$(TEST_HOST)";
				INFOPLIST_FILE = "Instalook-UserTests/Info.plist";
				LD_RUNPATH_SEARCH_PATHS = "$(inherited) @executable_path/Frameworks @loader_path/Frameworks";
				PRODUCT_BUNDLE_IDENTIFIER = "com.instalook.Instalook-UserTests";
				PRODUCT_NAME = "$(TARGET_NAME)";
				SWIFT_VERSION = 3.0;
				TEST_HOST = "$(BUILT_PRODUCTS_DIR)/Instalook-User.app/Instalook-User";
			};
			name = Debug;
		};
		CC83D4A92296D9A10035471C /* Release */ = {
			isa = XCBuildConfiguration;
			baseConfigurationReference = 78243ED0B31469AE6F65F4DA /* Pods-Instalook-UserTests.release.xcconfig */;
			buildSettings = {
				ALWAYS_EMBED_SWIFT_STANDARD_LIBRARIES = YES;
				BUNDLE_LOADER = "$(TEST_HOST)";
				INFOPLIST_FILE = "Instalook-UserTests/Info.plist";
				LD_RUNPATH_SEARCH_PATHS = "$(inherited) @executable_path/Frameworks @loader_path/Frameworks";
				PRODUCT_BUNDLE_IDENTIFIER = "com.instalook.Instalook-UserTests";
				PRODUCT_NAME = "$(TARGET_NAME)";
				SWIFT_VERSION = 3.0;
				TEST_HOST = "$(BUILT_PRODUCTS_DIR)/Instalook-User.app/Instalook-User";
			};
			name = Release;
		};
		CC83D4AB2296D9A10035471C /* Debug */ = {
			isa = XCBuildConfiguration;
			baseConfigurationReference = 7991DC003B8236B5D1887CD9 /* Pods-Instalook-UserUITests.debug.xcconfig */;
			buildSettings = {
				ALWAYS_EMBED_SWIFT_STANDARD_LIBRARIES = YES;
				INFOPLIST_FILE = "Instalook-UserUITests/Info.plist";
				LD_RUNPATH_SEARCH_PATHS = "$(inherited) @executable_path/Frameworks @loader_path/Frameworks";
				PRODUCT_BUNDLE_IDENTIFIER = "com.instalook.Instalook-UserUITests";
				PRODUCT_NAME = "$(TARGET_NAME)";
				SWIFT_VERSION = 3.0;
				TEST_TARGET_NAME = "Instalook-User";
			};
			name = Debug;
		};
		CC83D4AC2296D9A10035471C /* Release */ = {
			isa = XCBuildConfiguration;
			baseConfigurationReference = A88B4EB68FEC3E45B37DCEEF /* Pods-Instalook-UserUITests.release.xcconfig */;
			buildSettings = {
				ALWAYS_EMBED_SWIFT_STANDARD_LIBRARIES = YES;
				INFOPLIST_FILE = "Instalook-UserUITests/Info.plist";
				LD_RUNPATH_SEARCH_PATHS = "$(inherited) @executable_path/Frameworks @loader_path/Frameworks";
				PRODUCT_BUNDLE_IDENTIFIER = "com.instalook.Instalook-UserUITests";
				PRODUCT_NAME = "$(TARGET_NAME)";
				SWIFT_VERSION = 3.0;
				TEST_TARGET_NAME = "Instalook-User";
			};
			name = Release;
		};
/* End XCBuildConfiguration section */

/* Begin XCConfigurationList section */
		CC83D4742296D9A00035471C /* Build configuration list for PBXProject "Instalook-User" */ = {
			isa = XCConfigurationList;
			buildConfigurations = (
				CC83D4A22296D9A10035471C /* Debug */,
				CC83D4A32296D9A10035471C /* Release */,
			);
			defaultConfigurationIsVisible = 0;
			defaultConfigurationName = Release;
		};
		CC83D4A42296D9A10035471C /* Build configuration list for PBXNativeTarget "Instalook-User" */ = {
			isa = XCConfigurationList;
			buildConfigurations = (
				CC83D4A52296D9A10035471C /* Debug */,
				CC83D4A62296D9A10035471C /* Release */,
			);
			defaultConfigurationIsVisible = 0;
			defaultConfigurationName = Release;
		};
		CC83D4A72296D9A10035471C /* Build configuration list for PBXNativeTarget "Instalook-UserTests" */ = {
			isa = XCConfigurationList;
			buildConfigurations = (
				CC83D4A82296D9A10035471C /* Debug */,
				CC83D4A92296D9A10035471C /* Release */,
			);
			defaultConfigurationIsVisible = 0;
			defaultConfigurationName = Release;
		};
		CC83D4AA2296D9A10035471C /* Build configuration list for PBXNativeTarget "Instalook-UserUITests" */ = {
			isa = XCConfigurationList;
			buildConfigurations = (
				CC83D4AB2296D9A10035471C /* Debug */,
				CC83D4AC2296D9A10035471C /* Release */,
			);
			defaultConfigurationIsVisible = 0;
			defaultConfigurationName = Release;
		};
/* End XCConfigurationList section */

/* Begin XCVersionGroup section */
		CC83D4832296D9A10035471C /* Instalook_User.xcdatamodeld */ = {
			isa = XCVersionGroup;
			children = (
				CC83D4842296D9A10035471C /* Instalook_User.xcdatamodel */,
			);
			currentVersion = CC83D4842296D9A10035471C /* Instalook_User.xcdatamodel */;
			path = Instalook_User.xcdatamodeld;
			sourceTree = "<group>";
			versionGroupType = wrapper.xcdatamodel;
		};
/* End XCVersionGroup section */
	};
	rootObject = CC83D4712296D9A00035471C /* Project object */;
}
